
Microsoft Visual Studio Solution File, Format Version 12.00
# Visual Studio Version 17
VisualStudioVersion = 17.0.31903.59
MinimumVisualStudioVersion = 10.0.40219.1
Project("{FAE04EC0-301F-11D3-BF4B-00C04F79EFBC}") = "MVC_CinemaDiretor", "MVC_CinemaDiretor.csproj", "{78B1FC92-2B2F-480C-910C-FB1D9B735186}"
EndProject
Global
	GlobalSection(SolutionConfigurationPlatforms) = preSolution
		Debug|Any CPU = Debug|Any CPU
		Release|Any CPU = Release|Any CPU
	EndGlobalSection
	GlobalSection(ProjectConfigurationPlatforms) = postSolution
		{78B1FC92-2B2F-480C-910C-FB1D9B735186}.Debug|Any CPU.ActiveCfg = Debug|Any CPU
		{78B1FC92-2B2F-480C-910C-FB1D9B735186}.Debug|Any CPU.Build.0 = Debug|Any CPU
		{78B1FC92-2B2F-480C-910C-FB1D9B735186}.Release|Any CPU.ActiveCfg = Release|Any CPU
		{78B1FC92-2B2F-480C-910C-FB1D9B735186}.Release|Any CPU.Build.0 = Release|Any CPU
	EndGlobalSection
	GlobalSection(SolutionProperties) = preSolution
		HideSolutionNode = FALSE
	EndGlobalSection
	GlobalSection(ExtensibilityGlobals) = postSolution
		SolutionGuid = {C75991E1-5A06-4E36-ADA9-AD4191ECDEE1}
	EndGlobalSection
EndGlobal
